
Microsoft Visual Studio Solution File, Format Version 12.00
# Visual Studio 14
VisualStudioVersion = 14.0.25123.0
MinimumVisualStudioVersion = 10.0.40219.1
Project("{FAE04EC0-301F-11D3-BF4B-00C04F79EFBC}") = "WorkFinal01", "WorkFinal01\WorkFinal01.csproj", "{1E3BB77A-6D50-450E-97F5-D55F3A1AD27E}"
EndProject
Global
	GlobalSection(SolutionConfigurationPlatforms) = preSolution
		Debug|Any CPU = Debug|Any CPU
		Release|Any CPU = Release|Any CPU
	EndGlobalSection
	GlobalSection(ProjectConfigurationPlatforms) = postSolution
		{1E3BB77A-6D50-450E-97F5-D55F3A1AD27E}.Debug|Any CPU.ActiveCfg = Debug|Any CPU
		{1E3BB77A-6D50-450E-97F5-D55F3A1AD27E}.Debug|Any CPU.Build.0 = Debug|Any CPU
		{1E3BB77A-6D50-450E-97F5-D55F3A1AD27E}.Release|Any CPU.ActiveCfg = Release|Any CPU
		{1E3BB77A-6D50-450E-97F5-D55F3A1AD27E}.Release|Any CPU.Build.0 = Release|Any CPU
	EndGlobalSection
	GlobalSection(SolutionProperties) = preSolution
		HideSolutionNode = FALSE
	EndGlobalSection
EndGlobal
